// !$*UTF8*$!
{
	archiveVersion = 1;
	classes = {
	};
	objectVersion = 50;
	objects = {

/* Begin PBXBuildFile section */
		B2004B7B238686B800A29D92 /* WeatherManager.swift in Sources */ = {isa = PBXBuildFile; fileRef = B2004B7A238686B800A29D92 /* WeatherManager.swift */; };
		B2004B7D23869D6400A29D92 /* WeatherData.swift in Sources */ = {isa = PBXBuildFile; fileRef = B2004B7C23869D6400A29D92 /* WeatherData.swift */; };
		B2004B7F2386B5A800A29D92 /* WeatherModel.swift in Sources */ = {isa = PBXBuildFile; fileRef = B2004B7E2386B5A800A29D92 /* WeatherModel.swift */; };
		B29C2F4A238B2A4D00764598 /* README.md in Resources */ = {isa = PBXBuildFile; fileRef = B29C2F49238B2A4D00764598 /* README.md */; };
		B2F01DD6237C131900133373 /* AppDelegate.swift in Sources */ = {isa = PBXBuildFile; fileRef = B2F01DD5237C131900133373 /* AppDelegate.swift */; };
		B2F01DD8237C131900133373 /* SceneDelegate.swift in Sources */ = {isa = PBXBuildFile; fileRef = B2F01DD7237C131900133373 /* SceneDelegate.swift */; };
		B2F01DDA237C131900133373 /* ViewController.swift in Sources */ = {isa = PBXBuildFile; fileRef = B2F01DD9237C131900133373 /* ViewController.swift */; };
		B2F01DDD237C131900133373 /* Main.storyboard in Resources */ = {isa = PBXBuildFile; fileRef = B2F01DDB237C131900133373 /* Main.storyboard */; };
		B2F01DDF237C131B00133373 /* Assets.xcassets in Resources */ = {isa = PBXBuildFile; fileRef = B2F01DDE237C131B00133373 /* Assets.xcassets */; };
		B2F01DE2237C131B00133373 /* LaunchScreen.storyboard in Resources */ = {isa = PBXBuildFile; fileRef = B2F01DE0237C131B00133373 /* LaunchScreen.storyboard */; };
/* End PBXBuildFile section */

/* Begin PBXFileReference section */
		B2004B7A238686B800A29D92 /* WeatherManager.swift */ = {isa = PBXFileReference; lastKnownFileType = sourcecode.swift; path = WeatherManager.swift; sourceTree = "<group>"; };
		B2004B7C23869D6400A29D92 /* WeatherData.swift */ = {isa = PBXFileReference; lastKnownFileType = sourcecode.swift; path = WeatherData.swift; sourceTree = "<group>"; };
		B2004B7E2386B5A800A29D92 /* WeatherModel.swift */ = {isa = PBXFileReference; lastKnownFileType = sourcecode.swift; path = WeatherModel.swift; sourceTree = "<group>"; };
		B29C2F49238B2A4D00764598 /* README.md */ = {isa = PBXFileReference; fileEncoding = 4; lastKnownFileType = net.daringfireball.markdown; path = README.md; sourceTree = "<group>"; };
		B2F01DD2237C131900133373 /* Weather App.app */ = {isa = PBXFileReference; explicitFileType = wrapper.application; includeInIndex = 0; path = "Weather App.app"; sourceTree = BUILT_PRODUCTS_DIR; };
		B2F01DD5237C131900133373 /* AppDelegate.swift */ = {isa = PBXFileReference; lastKnownFileType = sourcecode.swift; path = AppDelegate.swift; sourceTree = "<group>"; };
		B2F01DD7237C131900133373 /* SceneDelegate.swift */ = {isa = PBXFileReference; lastKnownFileType = sourcecode.swift; path = SceneDelegate.swift; sourceTree = "<group>"; };
		B2F01DD9237C131900133373 /* ViewController.swift */ = {isa = PBXFileReference; lastKnownFileType = sourcecode.swift; path = ViewController.swift; sourceTree = "<group>"; };
		B2F01DDC237C131900133373 /* Base */ = {isa = PBXFileReference; lastKnownFileType = file.storyboard; name = Base; path = Base.lproj/Main.storyboard; sourceTree = "<group>"; };
		B2F01DDE237C131B00133373 /* Assets.xcassets */ = {isa = PBXFileReference; lastKnownFileType = folder.assetcatalog; path = Assets.xcassets; sourceTree = "<group>"; };
		B2F01DE1237C131B00133373 /* Base */ = {isa = PBXFileReference; lastKnownFileType = file.storyboard; name = Base; path = Base.lproj/LaunchScreen.storyboard; sourceTree = "<group>"; };
		B2F01DE3237C131B00133373 /* Info.plist */ = {isa = PBXFileReference; lastKnownFileType = text.plist.xml; path = Info.plist; sourceTree = "<group>"; };
/* End PBXFileReference section */

/* Begin PBXFrameworksBuildPhase section */
		B2F01DCF237C131900133373 /* Frameworks */ = {
			isa = PBXFrameworksBuildPhase;
			buildActionMask = 2147483647;
			files = (
			);
			runOnlyForDeploymentPostprocessing = 0;
		};
/* End PBXFrameworksBuildPhase section */

/* Begin PBXGroup section */
		B2004B802386B95200A29D92 /* Model */ = {
			isa = PBXGroup;
			children = (
				B2004B7A238686B800A29D92 /* WeatherManager.swift */,
				B2004B7C23869D6400A29D92 /* WeatherData.swift */,
				B2004B7E2386B5A800A29D92 /* WeatherModel.swift */,
			);
			path = Model;
			sourceTree = "<group>";
		};
		B2004B812386B95B00A29D92 /* Controller */ = {
			isa = PBXGroup;
			children = (
				B2F01DD9237C131900133373 /* ViewController.swift */,
			);
			path = Controller;
			sourceTree = "<group>";
		};
		B2004B822386B97400A29D92 /* View */ = {
			isa = PBXGroup;
			children = (
				B2F01DDB237C131900133373 /* Main.storyboard */,
			);
			path = View;
			sourceTree = "<group>";
		};
		B2F01DC9237C131900133373 = {
			isa = PBXGroup;
			children = (
				B29C2F49238B2A4D00764598 /* README.md */,
				B2F01DD4237C131900133373 /* Weather App */,
				B2F01DD3237C131900133373 /* Products */,
			);
			sourceTree = "<group>";
		};
		B2F01DD3237C131900133373 /* Products */ = {
			isa = PBXGroup;
			children = (
				B2F01DD2237C131900133373 /* Weather App.app */,
			);
			name = Products;
			sourceTree = "<group>";
		};
		B2F01DD4237C131900133373 /* Weather App */ = {
			isa = PBXGroup;
			children = (
				B2F01DD5237C131900133373 /* AppDelegate.swift */,
				B2F01DD7237C131900133373 /* SceneDelegate.swift */,
				B2004B802386B95200A29D92 /* Model */,
				B2004B822386B97400A29D92 /* View */,
				B2004B812386B95B00A29D92 /* Controller */,
				B2F01DDE237C131B00133373 /* Assets.xcassets */,
				B2F01DE0237C131B00133373 /* LaunchScreen.storyboard */,
				B2F01DE3237C131B00133373 /* Info.plist */,
			);
			path = "Weather App";
			sourceTree = "<group>";
		};
/* End PBXGroup section */

/* Begin PBXNativeTarget section */
		B2F01DD1237C131900133373 /* Weather App */ = {
			isa = PBXNativeTarget;
			buildConfigurationList = B2F01DE6237C131B00133373 /* Build configuration list for PBXNativeTarget "Weather App" */;
			buildPhases = (
				B2F01DCE237C131900133373 /* Sources */,
				B2F01DCF237C131900133373 /* Frameworks */,
				B2F01DD0237C131900133373 /* Resources */,
			);
			buildRules = (
			);
			dependencies = (
			);
			name = "Weather App";
			productName = "Weather App";
			productReference = B2F01DD2237C131900133373 /* Weather App.app */;
			productType = "com.apple.product-type.application";
		};
/* End PBXNativeTarget section */

/* Begin PBXProject section */
		B2F01DCA237C131900133373 /* Project object */ = {
			isa = PBXProject;
			attributes = {
				LastSwiftUpdateCheck = 1120;
				LastUpgradeCheck = 1120;
				ORGANIZATIONNAME = "Krzysztof Trojnarski";
				TargetAttributes = {
					B2F01DD1237C131900133373 = {
						CreatedOnToolsVersion = 11.2.1;
					};
				};
			};
			buildConfigurationList = B2F01DCD237C131900133373 /* Build configuration list for PBXProject "Weather App" */;
			compatibilityVersion = "Xcode 9.3";
			developmentRegion = en;
			hasScannedForEncodings = 0;
			knownRegions = (
				en,
				Base,
			);
			mainGroup = B2F01DC9237C131900133373;
			productRefGroup = B2F01DD3237C131900133373 /* Products */;
			projectDirPath = "";
			projectRoot = "";
			targets = (
				B2F01DD1237C131900133373 /* Weather App */,
			);
		};
/* End PBXProject section */

/* Begin PBXResourcesBuildPhase section */
		B2F01DD0237C131900133373 /* Resources */ = {
			isa = PBXResourcesBuildPhase;
			buildActionMask = 2147483647;
			files = (
				B2F01DE2237C131B00133373 /* LaunchScreen.storyboard in Resources */,
				B2F01DDF237C131B00133373 /* Assets.xcassets in Resources */,
				B29C2F4A238B2A4D00764598 /* README.md in Resources */,
				B2F01DDD237C131900133373 /* Main.storyboard in Resources */,
			);
			runOnlyForDeploymentPostprocessing = 0;
		};
/* End PBXResourcesBuildPhase section */

/* Begin PBXSourcesBuildPhase section */
		B2F01DCE237C131900133373 /* Sources */ = {
			isa = PBXSourcesBuildPhase;
			buildActionMask = 2147483647;
			files = (
				B2F01DDA237C131900133373 /* ViewController.swift in Sources */,
				B2004B7D23869D6400A29D92 /* WeatherData.swift in Sources */,
				B2F01DD6237C131900133373 /* AppDelegate.swift in Sources */,
				B2004B7B238686B800A29D92 /* WeatherManager.swift in Sources */,
				B2004B7F2386B5A800A29D92 /* WeatherModel.swift in Sources */,
				B2F01DD8237C131900133373 /* SceneDelegate.swift in Sources */,
			);
			runOnlyForDeploymentPostprocessing = 0;
		};
/* End PBXSourcesBuildPhase section */

/* Begin PBXVariantGroup section */
		B2F01DDB237C131900133373 /* Main.storyboard */ = {
			isa = PBXVariantGroup;
			children = (
				B2F01DDC237C131900133373 /* Base */,
			);
			name = Main.storyboard;
			sourceTree = "<group>";
		};
		B2F01DE0237C131B00133373 /* LaunchScreen.storyboard */ = {
			isa = PBXVariantGroup;
			children = (
				B2F01DE1237C131B00133373 /* Base */,
			);
			name = LaunchScreen.storyboard;
			sourceTree = "<group>";
		};
/* End PBXVariantGroup section */

/* Begin XCBuildConfiguration section */
		B2F01DE4237C131B00133373 /* Debug */ = {
			isa = XCBuildConfiguration;
			buildSettings = {
				ALWAYS_SEARCH_USER_PATHS = NO;
				CLANG_ANALYZER_NONNULL = YES;
				CLANG_ANALYZER_NUMBER_OBJECT_CONVERSION = YES_AGGRESSIVE;
				CLANG_CXX_LANGUAGE_STANDARD = "gnu++14";
				CLANG_CXX_LIBRARY = "libc++";
				CLANG_ENABLE_MODULES = YES;
				CLANG_ENABLE_OBJC_ARC = YES;
				CLANG_ENABLE_OBJC_WEAK = YES;
				CLANG_WARN_BLOCK_CAPTURE_AUTORELEASING = YES;
				CLANG_WARN_BOOL_CONVERSION = YES;
				CLANG_WARN_COMMA = YES;
				CLANG_WARN_CONSTANT_CONVERSION = YES;
				CLANG_WARN_DEPRECATED_OBJC_IMPLEMENTATIONS = YES;
				CLANG_WARN_DIRECT_OBJC_ISA_USAGE = YES_ERROR;
				CLANG_WARN_DOCUMENTATION_COMMENTS = YES;
				CLANG_WARN_EMPTY_BODY = YES;
				CLANG_WARN_ENUM_CONVERSION = YES;
				CLANG_WARN_INFINITE_RECURSION = YES;
				CLANG_WARN_INT_CONVERSION = YES;
				CLANG_WARN_NON_LITERAL_NULL_CONVERSION = YES;
				CLANG_WARN_OBJC_IMPLICIT_RETAIN_SELF = YES;
				CLANG_WARN_OBJC_LITERAL_CONVERSION = YES;
				CLANG_WARN_OBJC_ROOT_CLASS = YES_ERROR;
				CLANG_WARN_RANGE_LOOP_ANALYSIS = YES;
				CLANG_WARN_STRICT_PROTOTYPES = YES;
				CLANG_WARN_SUSPICIOUS_MOVE = YES;
				CLANG_WARN_UNGUARDED_AVAILABILITY = YES_AGGRESSIVE;
				CLANG_WARN_UNREACHABLE_CODE = YES;
				CLANG_WARN__DUPLICATE_METHOD_MATCH = YES;
				COPY_PHASE_STRIP = NO;
				DEBUG_INFORMATION_FORMAT = dwarf;
				ENABLE_STRICT_OBJC_MSGSEND = YES;
				ENABLE_TESTABILITY = YES;
				GCC_C_LANGUAGE_STANDARD = gnu11;
				GCC_DYNAMIC_NO_PIC = NO;
				GCC_NO_COMMON_BLOCKS = YES;
				GCC_OPTIMIZATION_LEVEL = 0;
				GCC_PREPROCESSOR_DEFINITIONS = (
					"DEBUG=1",
					"$(inherited)",
				);
				GCC_WARN_64_TO_32_BIT_CONVERSION = YES;
				GCC_WARN_ABOUT_RETURN_TYPE = YES_ERROR;
				GCC_WARN_UNDECLARED_SELECTOR = YES;
				GCC_WARN_UNINITIALIZED_AUTOS = YES_AGGRESSIVE;
				GCC_WARN_UNUSED_FUNCTION = YES;
				GCC_WARN_UNUSED_VARIABLE = YES;
				IPHONEOS_DEPLOYMENT_TARGET = 13.2;
				MTL_ENABLE_DEBUG_INFO = INCLUDE_SOURCE;
				MTL_FAST_MATH = YES;
				ONLY_ACTIVE_ARCH = YES;
				SDKROOT = iphoneos;
				SWIFT_ACTIVE_COMPILATION_CONDITIONS = DEBUG;
				SWIFT_OPTIMIZATION_LEVEL = "-Onone";
			};
			name = Debug;
		};
		B2F01DE5237C131B00133373 /* Release */ = {
			isa = XCBuildConfiguration;
			buildSettings = {
				ALWAYS_SEARCH_USER_PATHS = NO;
				CLANG_ANALYZER_NONNULL = YES;
				CLANG_ANALYZER_NUMBER_OBJECT_CONVERSION = YES_AGGRESSIVE;
				CLANG_CXX_LANGUAGE_STANDARD = "gnu++14";
				CLANG_CXX_LIBRARY = "libc++";
				CLANG_ENABLE_MODULES = YES;
				CLANG_ENABLE_OBJC_ARC = YES;
				CLANG_ENABLE_OBJC_WEAK = YES;
				CLANG_WARN_BLOCK_CAPTURE_AUTORELEASING = YES;
				CLANG_WARN_BOOL_CONVERSION = YES;
				CLANG_WARN_COMMA = YES;
				CLANG_WARN_CONSTANT_CONVERSION = YES;
				CLANG_WARN_DEPRECATED_OBJC_IMPLEMENTATIONS = YES;
				CLANG_WARN_DIRECT_OBJC_ISA_USAGE = YES_ERROR;
				CLANG_WARN_DOCUMENTATION_COMMENTS = YES;
				CLANG_WARN_EMPTY_BODY = YES;
				CLANG_WARN_ENUM_CONVERSION = YES;
				CLANG_WARN_INFINITE_RECURSION = YES;
				CLANG_WARN_INT_CONVERSION = YES;
				CLANG_WARN_NON_LITERAL_NULL_CONVERSION = YES;
				CLANG_WARN_OBJC_IMPLICIT_RETAIN_SELF = YES;
				CLANG_WARN_OBJC_LITERAL_CONVERSION = YES;
				CLANG_WARN_OBJC_ROOT_CLASS = YES_ERROR;
				CLANG_WARN_RANGE_LOOP_ANALYSIS = YES;
				CLANG_WARN_STRICT_PROTOTYPES = YES;
				CLANG_WARN_SUSPICIOUS_MOVE = YES;
				CLANG_WARN_UNGUARDED_AVAILABILITY = YES_AGGRESSIVE;
				CLANG_WARN_UNREACHABLE_CODE = YES;
				CLANG_WARN__DUPLICATE_METHOD_MATCH = YES;
				COPY_PHASE_STRIP = NO;
				DEBUG_INFORMATION_FORMAT = "dwarf-with-dsym";
				ENABLE_NS_ASSERTIONS = NO;
				ENABLE_STRICT_OBJC_MSGSEND = YES;
				GCC_C_LANGUAGE_STANDARD = gnu11;
				GCC_NO_COMMON_BLOCKS = YES;
				GCC_WARN_64_TO_32_BIT_CONVERSION = YES;
				GCC_WARN_ABOUT_RETURN_TYPE = YES_ERROR;
				GCC_WARN_UNDECLARED_SELECTOR = YES;
				GCC_WARN_UNINITIALIZED_AUTOS = YES_AGGRESSIVE;
				GCC_WARN_UNUSED_FUNCTION = YES;
				GCC_WARN_UNUSED_VARIABLE = YES;
				IPHONEOS_DEPLOYMENT_TARGET = 13.2;
				MTL_ENABLE_DEBUG_INFO = NO;
				MTL_FAST_MATH = YES;
				SDKROOT = iphoneos;
				SWIFT_COMPILATION_MODE = wholemodule;
				SWIFT_OPTIMIZATION_LEVEL = "-O";
				VALIDATE_PRODUCT = YES;
			};
			name = Release;
		};
		B2F01DE7237C131B00133373 /* Debug */ = {
			isa = XCBuildConfiguration;
			buildSettings = {
				ASSETCATALOG_COMPILER_APPICON_NAME = AppIcon;
				CODE_SIGN_STYLE = Automatic;
				DEVELOPMENT_TEAM = 7FT7VF479S;
				INFOPLIST_FILE = "Weather App/Info.plist";
				LD_RUNPATH_SEARCH_PATHS = (
					"$(inherited)",
					"@executable_path/Frameworks",
				);
				PRODUCT_BUNDLE_IDENTIFIER = "KTCode.Weather-App";
				PRODUCT_NAME = "$(TARGET_NAME)";
				SWIFT_VERSION = 5.0;
				TARGETED_DEVICE_FAMILY = 1;
			};
			name = Debug;
		};
		B2F01DE8237C131B00133373 /* Release */ = {
			isa = XCBuildConfiguration;
			buildSettings = {
				ASSETCATALOG_COMPILER_APPICON_NAME = AppIcon;
				CODE_SIGN_STYLE = Automatic;
				DEVELOPMENT_TEAM = 7FT7VF479S;
				INFOPLIST_FILE = "Weather App/Info.plist";
				LD_RUNPATH_SEARCH_PATHS = (
					"$(inherited)",
					"@executable_path/Frameworks",
				);
				PRODUCT_BUNDLE_IDENTIFIER = "KTCode.Weather-App";
				PRODUCT_NAME = "$(TARGET_NAME)";
				SWIFT_VERSION = 5.0;
				TARGETED_DEVICE_FAMILY = 1;
			};
			name = Release;
		};
/* End XCBuildConfiguration section */

/* Begin XCConfigurationList section */
		B2F01DCD237C131900133373 /* Build configuration list for PBXProject "Weather App" */ = {
			isa = XCConfigurationList;
			buildConfigurations = (
				B2F01DE4237C131B00133373 /* Debug */,
				B2F01DE5237C131B00133373 /* Release */,
			);
			defaultConfigurationIsVisible = 0;
			defaultConfigurationName = Release;
		};
		B2F01DE6237C131B00133373 /* Build configuration list for PBXNativeTarget "Weather App" */ = {
			isa = XCConfigurationList;
			buildConfigurations = (
				B2F01DE7237C131B00133373 /* Debug */,
				B2F01DE8237C131B00133373 /* Release */,
			);
			defaultConfigurationIsVisible = 0;
			defaultConfigurationName = Release;
		};
/* End XCConfigurationList section */
	};
	rootObject = B2F01DCA237C131900133373 /* Project object */;
}
